
Microsoft Visual Studio Solution File, Format Version 12.00
# Visual Studio Version 17
VisualStudioVersion = 17.11.35303.130
MinimumVisualStudioVersion = 10.0.40219.1
Project("{8BC9CEB8-8B4A-11D0-8D11-00A0C91BC942}") = "AutoLeech", "AutoLeech.vcxproj", "{4148F156-A67A-44B4-95F4-456F6CFBBB82}"
EndProject
Global
	GlobalSection(SolutionConfigurationPlatforms) = preSolution
		Debug|ARM = Debug|ARM
		Debug|ARM64 = Debug|ARM64
		Debug|x64 = Debug|x64
		Debug|x86 = Debug|x86
		Release|ARM = Release|ARM
		Release|ARM64 = Release|ARM64
		Release|x64 = Release|x64
		Release|x86 = Release|x86
	EndGlobalSection
	GlobalSection(ProjectConfigurationPlatforms) = postSolution
		{4148F156-A67A-44B4-95F4-456F6CFBBB82}.Debug|ARM.ActiveCfg = Debug|ARM
		{4148F156-A67A-44B4-95F4-456F6CFBBB82}.Debug|ARM.Build.0 = Debug|ARM
		{4148F156-A67A-44B4-95F4-456F6CFBBB82}.Debug|ARM.Deploy.0 = Debug|ARM
		{4148F156-A67A-44B4-95F4-456F6CFBBB82}.Debug|ARM64.ActiveCfg = Debug|ARM64
		{4148F156-A67A-44B4-95F4-456F6CFBBB82}.Debug|ARM64.Build.0 = Debug|ARM64
		{4148F156-A67A-44B4-95F4-456F6CFBBB82}.Debug|ARM64.Deploy.0 = Debug|ARM64
		{4148F156-A67A-44B4-95F4-456F6CFBBB82}.Debug|x64.ActiveCfg = Debug|x64
		{4148F156-A67A-44B4-95F4-456F6CFBBB82}.Debug|x64.Build.0 = Debug|x64
		{4148F156-A67A-44B4-95F4-456F6CFBBB82}.Debug|x64.Deploy.0 = Debug|x64
		{4148F156-A67A-44B4-95F4-456F6CFBBB82}.Debug|x86.ActiveCfg = Debug|x86
		{4148F156-A67A-44B4-95F4-456F6CFBBB82}.Debug|x86.Build.0 = Debug|x86
		{4148F156-A67A-44B4-95F4-456F6CFBBB82}.Debug|x86.Deploy.0 = Debug|x86
		{4148F156-A67A-44B4-95F4-456F6CFBBB82}.Release|ARM.ActiveCfg = Release|ARM
		{4148F156-A67A-44B4-95F4-456F6CFBBB82}.Release|ARM.Build.0 = Release|ARM
		{4148F156-A67A-44B4-95F4-456F6CFBBB82}.Release|ARM.Deploy.0 = Release|ARM
		{4148F156-A67A-44B4-95F4-456F6CFBBB82}.Release|ARM64.ActiveCfg = Release|ARM64
		{4148F156-A67A-44B4-95F4-456F6CFBBB82}.Release|ARM64.Build.0 = Release|ARM64
		{4148F156-A67A-44B4-95F4-456F6CFBBB82}.Release|ARM64.Deploy.0 = Release|ARM64
		{4148F156-A67A-44B4-95F4-456F6CFBBB82}.Release|x64.ActiveCfg = Release|x64
		{4148F156-A67A-44B4-95F4-456F6CFBBB82}.Release|x64.Build.0 = Release|x64
		{4148F156-A67A-44B4-95F4-456F6CFBBB82}.Release|x64.Deploy.0 = Release|x64
		{4148F156-A67A-44B4-95F4-456F6CFBBB82}.Release|x86.ActiveCfg = Release|x86
		{4148F156-A67A-44B4-95F4-456F6CFBBB82}.Release|x86.Build.0 = Release|x86
		{4148F156-A67A-44B4-95F4-456F6CFBBB82}.Release|x86.Deploy.0 = Release|x86
	EndGlobalSection
	GlobalSection(SolutionProperties) = preSolution
		HideSolutionNode = FALSE
	EndGlobalSection
	GlobalSection(ExtensibilityGlobals) = postSolution
		SolutionGuid = {A467E2E6-64A1-499E-BC88-B2042D00F6FA}
	EndGlobalSection
EndGlobal
